
Microsoft Visual Studio Solution File, Format Version 12.00
# Visual Studio Version 16
VisualStudioVersion = 16.0.32802.440
MinimumVisualStudioVersion = 10.0.40219.1
Project("{FAE04EC0-301F-11D3-BF4B-00C04F79EFBC}") = "Tutorial", "Tutorial\Tutorial.csproj", "{37305DB0-E9AD-4F61-BAB9-DC4970A650B5}"
EndProject
Global
	GlobalSection(SolutionConfigurationPlatforms) = preSolution
		Debug|Any CPU = Debug|Any CPU
		Release|Any CPU = Release|Any CPU
	EndGlobalSection
	GlobalSection(ProjectConfigurationPlatforms) = postSolution
		{37305DB0-E9AD-4F61-BAB9-DC4970A650B5}.Debug|Any CPU.ActiveCfg = Debug|Any CPU
		{37305DB0-E9AD-4F61-BAB9-DC4970A650B5}.Debug|Any CPU.Build.0 = Debug|Any CPU
		{37305DB0-E9AD-4F61-BAB9-DC4970A650B5}.Release|Any CPU.ActiveCfg = Release|Any CPU
		{37305DB0-E9AD-4F61-BAB9-DC4970A650B5}.Release|Any CPU.Build.0 = Release|Any CPU
	EndGlobalSection
	GlobalSection(SolutionProperties) = preSolution
		HideSolutionNode = FALSE
	EndGlobalSection
	GlobalSection(ExtensibilityGlobals) = postSolution
		SolutionGuid = {B8442663-7CF8-4E6C-842F-7174C1867D84}
	EndGlobalSection
EndGlobal
